
Microsoft Visual Studio Solution File, Format Version 12.00
# Visual Studio Version 17
VisualStudioVersion = 17.9.34622.214
MinimumVisualStudioVersion = 10.0.40219.1
Project("{FAE04EC0-301F-11D3-BF4B-00C04F79EFBC}") = "GameStream", "GameStream\GameStream.csproj", "{D66036EC-4B54-4CE2-831A-E3329FE9E956}"
EndProject
Project("{FAE04EC0-301F-11D3-BF4B-00C04F79EFBC}") = "Business", "Business\Business.csproj", "{D45C0816-231B-43A2-896E-27DB92A7430B}"
EndProject
Project("{FAE04EC0-301F-11D3-BF4B-00C04F79EFBC}") = "DataAccess", "DataAccess\DataAccess.csproj", "{887594A3-1C89-452D-ACF3-7E09A01F6530}"
EndProject
Project("{FAE04EC0-301F-11D3-BF4B-00C04F79EFBC}") = "Entity", "Entity\Entity.csproj", "{03A2BD22-49F9-4391-B164-858C87ABB2D8}"
EndProject
Global
	GlobalSection(SolutionConfigurationPlatforms) = preSolution
		Debug|Any CPU = Debug|Any CPU
		Release|Any CPU = Release|Any CPU
	EndGlobalSection
	GlobalSection(ProjectConfigurationPlatforms) = postSolution
		{D66036EC-4B54-4CE2-831A-E3329FE9E956}.Debug|Any CPU.ActiveCfg = Debug|Any CPU
		{D66036EC-4B54-4CE2-831A-E3329FE9E956}.Debug|Any CPU.Build.0 = Debug|Any CPU
		{D66036EC-4B54-4CE2-831A-E3329FE9E956}.Release|Any CPU.ActiveCfg = Release|Any CPU
		{D66036EC-4B54-4CE2-831A-E3329FE9E956}.Release|Any CPU.Build.0 = Release|Any CPU
		{D45C0816-231B-43A2-896E-27DB92A7430B}.Debug|Any CPU.ActiveCfg = Debug|Any CPU
		{D45C0816-231B-43A2-896E-27DB92A7430B}.Debug|Any CPU.Build.0 = Debug|Any CPU
		{D45C0816-231B-43A2-896E-27DB92A7430B}.Release|Any CPU.ActiveCfg = Release|Any CPU
		{D45C0816-231B-43A2-896E-27DB92A7430B}.Release|Any CPU.Build.0 = Release|Any CPU
		{887594A3-1C89-452D-ACF3-7E09A01F6530}.Debug|Any CPU.ActiveCfg = Debug|Any CPU
		{887594A3-1C89-452D-ACF3-7E09A01F6530}.Debug|Any CPU.Build.0 = Debug|Any CPU
		{887594A3-1C89-452D-ACF3-7E09A01F6530}.Release|Any CPU.ActiveCfg = Release|Any CPU
		{887594A3-1C89-452D-ACF3-7E09A01F6530}.Release|Any CPU.Build.0 = Release|Any CPU
		{03A2BD22-49F9-4391-B164-858C87ABB2D8}.Debug|Any CPU.ActiveCfg = Debug|Any CPU
		{03A2BD22-49F9-4391-B164-858C87ABB2D8}.Debug|Any CPU.Build.0 = Debug|Any CPU
		{03A2BD22-49F9-4391-B164-858C87ABB2D8}.Release|Any CPU.ActiveCfg = Release|Any CPU
		{03A2BD22-49F9-4391-B164-858C87ABB2D8}.Release|Any CPU.Build.0 = Release|Any CPU
	EndGlobalSection
	GlobalSection(SolutionProperties) = preSolution
		HideSolutionNode = FALSE
	EndGlobalSection
	GlobalSection(ExtensibilityGlobals) = postSolution
		SolutionGuid = {6557B203-F3CA-4E63-B102-A6D7702677E3}
	EndGlobalSection
EndGlobal
